
Microsoft Visual Studio Solution File, Format Version 12.00
# Visual Studio Version 16
VisualStudioVersion = 16.0.28803.452
MinimumVisualStudioVersion = 10.0.40219.1
Project("{FAE04EC0-301F-11D3-BF4B-00C04F79EFBC}") = "SportStore", "SportStore\SportStore.csproj", "{670F43DB-3080-4664-A661-39EF117E0AEF}"
EndProject
Global
	GlobalSection(SolutionConfigurationPlatforms) = preSolution
		Debug|Any CPU = Debug|Any CPU
		Release|Any CPU = Release|Any CPU
	EndGlobalSection
	GlobalSection(ProjectConfigurationPlatforms) = postSolution
		{670F43DB-3080-4664-A661-39EF117E0AEF}.Debug|Any CPU.ActiveCfg = Debug|Any CPU
		{670F43DB-3080-4664-A661-39EF117E0AEF}.Debug|Any CPU.Build.0 = Debug|Any CPU
		{670F43DB-3080-4664-A661-39EF117E0AEF}.Release|Any CPU.ActiveCfg = Release|Any CPU
		{670F43DB-3080-4664-A661-39EF117E0AEF}.Release|Any CPU.Build.0 = Release|Any CPU
	EndGlobalSection
	GlobalSection(SolutionProperties) = preSolution
		HideSolutionNode = FALSE
	EndGlobalSection
	GlobalSection(ExtensibilityGlobals) = postSolution
		SolutionGuid = {BEA1AC8A-7859-4144-815B-7CB71E072B33}
	EndGlobalSection
EndGlobal
